{
  "pins" : [
    {
      "identity" : "ios-places-sdk",
      "kind" : "remoteSourceControl",
      "location" : "https://github.com/googlemaps/ios-places-sdk",
      "state" : {
        "revision" : "2a9c7305a0e5f83b9acdccfc74eb545ffeb476c3",
        "version" : "8.5.0"
      }
    },
    {
      "identity" : "lbtatools",
      "kind" : "remoteSourceControl",
      "location" : "https://github.com/bhlvoong/LBTATools",
      "state" : {
        "revision" : "dce147bfbdc0417a4b430ec220c088629e9dc81d",
        "version" : "1.0.17"
      }
    },
    {
      "identity" : "mapbox-common-ios",
      "kind" : "remoteSourceControl",
      "location" : "https://github.com/mapbox/mapbox-common-ios.git",
      "state" : {
        "revision" : "72474daaeabb644edd449492f9e668f716da72e6",
        "version" : "24.2.0"
      }
    },
    {
      "identity" : "mapbox-core-maps-ios",
      "kind" : "remoteSourceControl",
      "location" : "https://github.com/mapbox/mapbox-core-maps-ios.git",
      "state" : {
        "revision" : "d0958ada64a617991cd90560ec5a6f221a734f84",
        "version" : "11.2.0"
      }
    },
    {
      "identity" : "mapbox-maps-ios",
      "kind" : "remoteSourceControl",
      "location" : "https://github.com/mapbox/mapbox-maps-ios.git",
      "state" : {
        "revision" : "36908eb5491a872dc6d9d75cfd795994ce513a2f",
        "version" : "11.2.0"
      }
    },
    {
      "identity" : "overlaycontainer",
      "kind" : "remoteSourceControl",
      "location" : "https://github.com/applidium/OverlayContainer.git",
      "state" : {
        "revision" : "f1c8fc38bb1ad9a810397f1d06f7026a35e0760c",
        "version" : "3.5.2"
      }
    },
    {
      "identity" : "turf-swift",
      "kind" : "remoteSourceControl",
      "location" : "https://github.com/mapbox/turf-swift.git",
      "state" : {
        "revision" : "213050191cfcb3d5aa76e1fa90c6ff1e182a42ca",
        "version" : "2.8.0"
      }
    }
  ],
  "version" : 2
}
